
Microsoft Visual Studio Solution File, Format Version 12.00
# Visual Studio Version 17
VisualStudioVersion = 17.3.32825.248
MinimumVisualStudioVersion = 10.0.40219.1
Project("{2150E333-8FDC-42A3-9474-1A3956D46DE8}") = "Ifrastructure", "Ifrastructure", "{37C541B6-0313-4A85-9D87-8B431909A7CA}"
EndProject
Project("{2150E333-8FDC-42A3-9474-1A3956D46DE8}") = "Core", "Core", "{05E99D59-DA2C-49BD-ABE5-1BD3304CACAA}"
EndProject
Project("{2150E333-8FDC-42A3-9474-1A3956D46DE8}") = "Tests", "Tests", "{0388F057-CB50-47D3-AB78-4191E03772C0}"
EndProject
Project("{9A19103F-16F7-4668-BE54-9A1E7A4F7556}") = "Cards.Domain", "..\Cards.Domain\Cards.Domain.csproj", "{F28609F7-68E2-4FDA-BE89-4A1293BE81F9}"
EndProject
Project("{9A19103F-16F7-4668-BE54-9A1E7A4F7556}") = "Cards.Application", "..\Cards.Aplication\Cards.Application.csproj", "{B9992345-EA5B-417B-B344-B82640E06266}"
EndProject
Project("{9A19103F-16F7-4668-BE54-9A1E7A4F7556}") = "Cards.Persistance", "..\Card.Persistance\Cards.Persistance.csproj", "{7C46AD87-DC49-4138-B2EF-84435E40DA9E}"
EndProject
Project("{2150E333-8FDC-42A3-9474-1A3956D46DE8}") = "Presentation", "Presentation", "{18FD30DF-FA6D-4FC8-ADE3-2A3DCEF2E736}"
EndProject
Project("{9A19103F-16F7-4668-BE54-9A1E7A4F7556}") = "WebAPI", "WebAPI\WebAPI.csproj", "{01BF58A5-421E-4BA7-9F3D-85CDF215DD8A}"
EndProject
Project("{2150E333-8FDC-42A3-9474-1A3956D46DE8}") = "Client", "Client", "{ADC5295C-D17B-48BF-B884-EE7788194F3D}"
EndProject
Project("{9A19103F-16F7-4668-BE54-9A1E7A4F7556}") = "Client", "Client\Client.csproj", "{6DD4DC05-03E3-460E-A06A-5F4419BE5EF1}"
EndProject
Global
	GlobalSection(SolutionConfigurationPlatforms) = preSolution
		Debug|Any CPU = Debug|Any CPU
		Release|Any CPU = Release|Any CPU
	EndGlobalSection
	GlobalSection(ProjectConfigurationPlatforms) = postSolution
		{F28609F7-68E2-4FDA-BE89-4A1293BE81F9}.Debug|Any CPU.ActiveCfg = Debug|Any CPU
		{F28609F7-68E2-4FDA-BE89-4A1293BE81F9}.Debug|Any CPU.Build.0 = Debug|Any CPU
		{F28609F7-68E2-4FDA-BE89-4A1293BE81F9}.Release|Any CPU.ActiveCfg = Release|Any CPU
		{F28609F7-68E2-4FDA-BE89-4A1293BE81F9}.Release|Any CPU.Build.0 = Release|Any CPU
		{B9992345-EA5B-417B-B344-B82640E06266}.Debug|Any CPU.ActiveCfg = Debug|Any CPU
		{B9992345-EA5B-417B-B344-B82640E06266}.Debug|Any CPU.Build.0 = Debug|Any CPU
		{B9992345-EA5B-417B-B344-B82640E06266}.Release|Any CPU.ActiveCfg = Release|Any CPU
		{B9992345-EA5B-417B-B344-B82640E06266}.Release|Any CPU.Build.0 = Release|Any CPU
		{7C46AD87-DC49-4138-B2EF-84435E40DA9E}.Debug|Any CPU.ActiveCfg = Debug|Any CPU
		{7C46AD87-DC49-4138-B2EF-84435E40DA9E}.Debug|Any CPU.Build.0 = Debug|Any CPU
		{7C46AD87-DC49-4138-B2EF-84435E40DA9E}.Release|Any CPU.ActiveCfg = Release|Any CPU
		{7C46AD87-DC49-4138-B2EF-84435E40DA9E}.Release|Any CPU.Build.0 = Release|Any CPU
		{01BF58A5-421E-4BA7-9F3D-85CDF215DD8A}.Debug|Any CPU.ActiveCfg = Debug|Any CPU
		{01BF58A5-421E-4BA7-9F3D-85CDF215DD8A}.Debug|Any CPU.Build.0 = Debug|Any CPU
		{01BF58A5-421E-4BA7-9F3D-85CDF215DD8A}.Release|Any CPU.ActiveCfg = Release|Any CPU
		{01BF58A5-421E-4BA7-9F3D-85CDF215DD8A}.Release|Any CPU.Build.0 = Release|Any CPU
		{6DD4DC05-03E3-460E-A06A-5F4419BE5EF1}.Debug|Any CPU.ActiveCfg = Debug|Any CPU
		{6DD4DC05-03E3-460E-A06A-5F4419BE5EF1}.Debug|Any CPU.Build.0 = Debug|Any CPU
		{6DD4DC05-03E3-460E-A06A-5F4419BE5EF1}.Release|Any CPU.ActiveCfg = Release|Any CPU
		{6DD4DC05-03E3-460E-A06A-5F4419BE5EF1}.Release|Any CPU.Build.0 = Release|Any CPU
	EndGlobalSection
	GlobalSection(SolutionProperties) = preSolution
		HideSolutionNode = FALSE
	EndGlobalSection
	GlobalSection(NestedProjects) = preSolution
		{F28609F7-68E2-4FDA-BE89-4A1293BE81F9} = {05E99D59-DA2C-49BD-ABE5-1BD3304CACAA}
		{B9992345-EA5B-417B-B344-B82640E06266} = {05E99D59-DA2C-49BD-ABE5-1BD3304CACAA}
		{7C46AD87-DC49-4138-B2EF-84435E40DA9E} = {37C541B6-0313-4A85-9D87-8B431909A7CA}
		{01BF58A5-421E-4BA7-9F3D-85CDF215DD8A} = {18FD30DF-FA6D-4FC8-ADE3-2A3DCEF2E736}
		{6DD4DC05-03E3-460E-A06A-5F4419BE5EF1} = {ADC5295C-D17B-48BF-B884-EE7788194F3D}
	EndGlobalSection
	GlobalSection(ExtensibilityGlobals) = postSolution
		SolutionGuid = {7BC9BEEC-0C1E-47FA-90F2-66F80FE314B0}
	EndGlobalSection
EndGlobal
